dependencies:
- name: cert-manager
  repository: https://charts.jetstack.io/
  version: v0.10.1
- name: prometheus
  repository: https://kubernetes-charts.storage.googleapis.com/
  version: 10.2.0
- name: postgresql
  repository: https://kubernetes-charts.storage.googleapis.com/
  version: 7.7.3
- name: gitlab-runner
  repository: https://charts.gitlab.io/
  version: 0.13.1
- name: grafana
  repository: https://kubernetes-charts.storage.googleapis.com/
  version: 4.0.1
- name: redis
  repository: https://kubernetes-charts.storage.googleapis.com/
  version: 10.3.4
digest: sha256:fbe7aa28094cea1bc77b7de60c835b874af7687e17303af6dc103ad3894f4b4d
generated: "2020-02-22T16:55:51.933541+01:00"
