dependencies:
- name: cert-manager
  repository: https://charts.jetstack.io/
  version: v0.10.1
- name: prometheus
  repository: https://kubernetes-charts.storage.googleapis.com/
  version: 10.2.0
- name: postgresql
  repository: https://kubernetes-charts.storage.googleapis.com/
  version: 7.7.3
- name: gitlab-runner
  repository: https://charts.gitlab.io/
  version: 0.15.0
- name: grafana
  repository: https://kubernetes-charts.storage.googleapis.com/
  version: 4.0.1
- name: redis
  repository: https://kubernetes-charts.storage.googleapis.com/
  version: 10.3.4
digest: sha256:28231f2cd8d7e11a0a2f5ccb294ba8932d1156e102d13492532b6a138ff85a82
generated: "2020-03-25T16:39:22.771326+01:00"
