dependencies:
- name: postgresql
  repository: https://kubernetes-charts.storage.googleapis.com/
  version: 6.5.0
- name: redis
  repository: https://kubernetes-charts.storage.googleapis.com/
  version: 9.3.2
- name: snuba
  repository: ""
  version: 1.0.0
- name: symbolicator
  repository: ""
  version: 1.0.0
digest: sha256:5473f2b212717acdc2158d5467ec62ecbb91ee4740ac4ad4a9c6bdf5b0de5c70
generated: "2020-03-25T03:17:21.301166+01:00"
